
Microsoft Visual Studio Solution File, Format Version 12.00
# Visual Studio 15
VisualStudioVersion = 15.0.27130.2036
MinimumVisualStudioVersion = 10.0.40219.1
Project("{888888A0-9F3D-457C-B088-3A5042F75D52}") = "DecodeW3DMesh", "DecodeW3DMesh\DecodeW3DMesh.pyproj", "{49252299-A7B2-4089-AD3B-86DA9B5022B4}"
EndProject
Global
	GlobalSection(SolutionConfigurationPlatforms) = preSolution
		Debug|Any CPU = Debug|Any CPU
		Release|Any CPU = Release|Any CPU
	EndGlobalSection
	GlobalSection(ProjectConfigurationPlatforms) = postSolution
		{49252299-A7B2-4089-AD3B-86DA9B5022B4}.Debug|Any CPU.ActiveCfg = Debug|Any CPU
		{49252299-A7B2-4089-AD3B-86DA9B5022B4}.Release|Any CPU.ActiveCfg = Release|Any CPU
	EndGlobalSection
	GlobalSection(SolutionProperties) = preSolution
		HideSolutionNode = FALSE
	EndGlobalSection
	GlobalSection(ExtensibilityGlobals) = postSolution
		SolutionGuid = {BD5E420A-88E8-4289-9B83-B6E22F56B6E3}
	EndGlobalSection
EndGlobal
